
Microsoft Visual Studio Solution File, Format Version 12.00
# Visual Studio Version 17
VisualStudioVersion = 17.4.33213.308
MinimumVisualStudioVersion = 10.0.40219.1
Project("{9A19103F-16F7-4668-BE54-9A1E7A4F7556}") = "iOrder", "iOrder\iOrder.csproj", "{7A283CB2-C59A-4DD4-84EF-94271AFF0916}"
EndProject
Project("{00D1A9C2-B5F0-4AF3-8072-F6C62B433612}") = "iOrderDB", "iOrderDB\iOrderDB.sqlproj", "{732A3B80-AC44-4A70-8C55-27A2E39CF930}"
EndProject
Global
	GlobalSection(SolutionConfigurationPlatforms) = preSolution
		Debug|Any CPU = Debug|Any CPU
		Release|Any CPU = Release|Any CPU
	EndGlobalSection
	GlobalSection(ProjectConfigurationPlatforms) = postSolution
		{7A283CB2-C59A-4DD4-84EF-94271AFF0916}.Debug|Any CPU.ActiveCfg = Debug|Any CPU
		{7A283CB2-C59A-4DD4-84EF-94271AFF0916}.Debug|Any CPU.Build.0 = Debug|Any CPU
		{7A283CB2-C59A-4DD4-84EF-94271AFF0916}.Release|Any CPU.ActiveCfg = Release|Any CPU
		{7A283CB2-C59A-4DD4-84EF-94271AFF0916}.Release|Any CPU.Build.0 = Release|Any CPU
		{732A3B80-AC44-4A70-8C55-27A2E39CF930}.Debug|Any CPU.ActiveCfg = Debug|Any CPU
		{732A3B80-AC44-4A70-8C55-27A2E39CF930}.Debug|Any CPU.Build.0 = Debug|Any CPU
		{732A3B80-AC44-4A70-8C55-27A2E39CF930}.Debug|Any CPU.Deploy.0 = Debug|Any CPU
		{732A3B80-AC44-4A70-8C55-27A2E39CF930}.Release|Any CPU.ActiveCfg = Release|Any CPU
		{732A3B80-AC44-4A70-8C55-27A2E39CF930}.Release|Any CPU.Build.0 = Release|Any CPU
		{732A3B80-AC44-4A70-8C55-27A2E39CF930}.Release|Any CPU.Deploy.0 = Release|Any CPU
	EndGlobalSection
	GlobalSection(SolutionProperties) = preSolution
		HideSolutionNode = FALSE
	EndGlobalSection
	GlobalSection(ExtensibilityGlobals) = postSolution
		SolutionGuid = {68F10AE4-A528-420A-A8D0-4C846E4B89A0}
	EndGlobalSection
EndGlobal
